
Microsoft Visual Studio Solution File, Format Version 12.00
# Visual Studio 14
VisualStudioVersion = 14.0.25123.0
MinimumVisualStudioVersion = 10.0.40219.1
Project("{FAE04EC0-301F-11D3-BF4B-00C04F79EFBC}") = "App1", "App1\App1.csproj", "{FAEE00AB-AABE-4E3C-9350-808CDE1AC791}"
EndProject
Project("{FAE04EC0-301F-11D3-BF4B-00C04F79EFBC}") = "App2", "App2\App2.csproj", "{4C71A487-0B29-4F15-9391-EB8ACA4A580F}"
EndProject
Project("{FAE04EC0-301F-11D3-BF4B-00C04F79EFBC}") = "App3", "App3\App3.csproj", "{DA784D40-AD2F-4387-B26D-EB0F7427DAE6}"
EndProject
Global
	GlobalSection(SolutionConfigurationPlatforms) = preSolution
		Debug|Any CPU = Debug|Any CPU
		Release|Any CPU = Release|Any CPU
	EndGlobalSection
	GlobalSection(ProjectConfigurationPlatforms) = postSolution
		{FAEE00AB-AABE-4E3C-9350-808CDE1AC791}.Debug|Any CPU.ActiveCfg = Debug|Any CPU
		{FAEE00AB-AABE-4E3C-9350-808CDE1AC791}.Debug|Any CPU.Build.0 = Debug|Any CPU
		{FAEE00AB-AABE-4E3C-9350-808CDE1AC791}.Release|Any CPU.ActiveCfg = Release|Any CPU
		{FAEE00AB-AABE-4E3C-9350-808CDE1AC791}.Release|Any CPU.Build.0 = Release|Any CPU
		{4C71A487-0B29-4F15-9391-EB8ACA4A580F}.Debug|Any CPU.ActiveCfg = Debug|Any CPU
		{4C71A487-0B29-4F15-9391-EB8ACA4A580F}.Debug|Any CPU.Build.0 = Debug|Any CPU
		{4C71A487-0B29-4F15-9391-EB8ACA4A580F}.Release|Any CPU.ActiveCfg = Release|Any CPU
		{4C71A487-0B29-4F15-9391-EB8ACA4A580F}.Release|Any CPU.Build.0 = Release|Any CPU
		{DA784D40-AD2F-4387-B26D-EB0F7427DAE6}.Debug|Any CPU.ActiveCfg = Debug|Any CPU
		{DA784D40-AD2F-4387-B26D-EB0F7427DAE6}.Debug|Any CPU.Build.0 = Debug|Any CPU
		{DA784D40-AD2F-4387-B26D-EB0F7427DAE6}.Release|Any CPU.ActiveCfg = Release|Any CPU
		{DA784D40-AD2F-4387-B26D-EB0F7427DAE6}.Release|Any CPU.Build.0 = Release|Any CPU
	EndGlobalSection
	GlobalSection(SolutionProperties) = preSolution
		HideSolutionNode = FALSE
	EndGlobalSection
EndGlobal
